// !$*UTF8*$!
{
	archiveVersion = 1;
	classes = {
	};
	objectVersion = 50;
	objects = {

/* Begin PBXBuildFile section */
		E165970C26422628006CF465 /* Model.xcdatamodeld in Sources */ = {isa = PBXBuildFile; fileRef = E165970A26422628006CF465 /* Model.xcdatamodeld */; };
		E165970E26423C5C006CF465 /* HistoryDetailViewController.swift in Sources */ = {isa = PBXBuildFile; fileRef = E165970D26423C5C006CF465 /* HistoryDetailViewController.swift */; };
		E1D4084C263E557F00C18717 /* WorkoutInterval.swift in Sources */ = {isa = PBXBuildFile; fileRef = E1D4084B263E557F00C18717 /* WorkoutInterval.swift */; };
		E1D4084E263E6F8100C18717 /* LocationManager.swift in Sources */ = {isa = PBXBuildFile; fileRef = E1D4084D263E6F8100C18717 /* LocationManager.swift */; };
		E1D4085026406F9300C18717 /* TimerWorkoutInterval.swift in Sources */ = {isa = PBXBuildFile; fileRef = E1D4084F26406F9300C18717 /* TimerWorkoutInterval.swift */; };
		E1D408522640796B00C18717 /* DistanceWorkoutInterval.swift in Sources */ = {isa = PBXBuildFile; fileRef = E1D408512640796B00C18717 /* DistanceWorkoutInterval.swift */; };
		E1D4085C2640A64E00C18717 /* ActivityWorkoutInterval.swift in Sources */ = {isa = PBXBuildFile; fileRef = E1D4085B2640A64E00C18717 /* ActivityWorkoutInterval.swift */; };
		E1D4085E2640A8A800C18717 /* SwitchTableViewCell.swift in Sources */ = {isa = PBXBuildFile; fileRef = E1D4085D2640A8A800C18717 /* SwitchTableViewCell.swift */; };
		E1D408602640CE3B00C18717 /* LocationWorkoutInterval.swift in Sources */ = {isa = PBXBuildFile; fileRef = E1D4085F2640CE3B00C18717 /* LocationWorkoutInterval.swift */; };
		E1DD3A74261EC5A0001EB905 /* AppDelegate.swift in Sources */ = {isa = PBXBuildFile; fileRef = E1DD3A73261EC5A0001EB905 /* AppDelegate.swift */; };
		E1DD3A76261EC5A0001EB905 /* SceneDelegate.swift in Sources */ = {isa = PBXBuildFile; fileRef = E1DD3A75261EC5A0001EB905 /* SceneDelegate.swift */; };
		E1DD3A7B261EC5A0001EB905 /* Main.storyboard in Resources */ = {isa = PBXBuildFile; fileRef = E1DD3A79261EC5A0001EB905 /* Main.storyboard */; };
		E1DD3A7D261EC5A1001EB905 /* Assets.xcassets in Resources */ = {isa = PBXBuildFile; fileRef = E1DD3A7C261EC5A1001EB905 /* Assets.xcassets */; };
		E1DD3A80261EC5A1001EB905 /* LaunchScreen.storyboard in Resources */ = {isa = PBXBuildFile; fileRef = E1DD3A7E261EC5A1001EB905 /* LaunchScreen.storyboard */; };
		E1FBD11926295B1E000B1598 /* Workout.swift in Sources */ = {isa = PBXBuildFile; fileRef = E1FBD11826295B1E000B1598 /* Workout.swift */; };
		E1FBD11D2629796E000B1598 /* WorkoutTableViewController.swift in Sources */ = {isa = PBXBuildFile; fileRef = E1FBD11C2629796E000B1598 /* WorkoutTableViewController.swift */; };
		E1FBD1202629797A000B1598 /* HistoryTableViewController.swift in Sources */ = {isa = PBXBuildFile; fileRef = E1FBD11F2629797A000B1598 /* HistoryTableViewController.swift */; };
		E1FBD12726297CFA000B1598 /* WorkoutViewController.swift in Sources */ = {isa = PBXBuildFile; fileRef = E1FBD12626297CFA000B1598 /* WorkoutViewController.swift */; };
		E1FBD136262A3E49000B1598 /* ProgressCell.swift in Sources */ = {isa = PBXBuildFile; fileRef = E1FBD135262A3E49000B1598 /* ProgressCell.swift */; };
		E1FBD13B262A86F5000B1598 /* AddIntervalViewController.swift in Sources */ = {isa = PBXBuildFile; fileRef = E1FBD13A262A86F5000B1598 /* AddIntervalViewController.swift */; };
		E1FBD144262A9040000B1598 /* Utility.swift in Sources */ = {isa = PBXBuildFile; fileRef = E1FBD143262A9040000B1598 /* Utility.swift */; };
/* End PBXBuildFile section */

/* Begin PBXFileReference section */
		E165970B26422628006CF465 /* Model.xcdatamodel */ = {isa = PBXFileReference; lastKnownFileType = wrapper.xcdatamodel; path = Model.xcdatamodel; sourceTree = "<group>"; };
		E165970D26423C5C006CF465 /* HistoryDetailViewController.swift */ = {isa = PBXFileReference; lastKnownFileType = sourcecode.swift; path = HistoryDetailViewController.swift; sourceTree = "<group>"; };
		E1D4084B263E557F00C18717 /* WorkoutInterval.swift */ = {isa = PBXFileReference; lastKnownFileType = sourcecode.swift; path = WorkoutInterval.swift; sourceTree = "<group>"; };
		E1D4084D263E6F8100C18717 /* LocationManager.swift */ = {isa = PBXFileReference; lastKnownFileType = sourcecode.swift; path = LocationManager.swift; sourceTree = "<group>"; };
		E1D4084F26406F9300C18717 /* TimerWorkoutInterval.swift */ = {isa = PBXFileReference; lastKnownFileType = sourcecode.swift; path = TimerWorkoutInterval.swift; sourceTree = "<group>"; };
		E1D408512640796B00C18717 /* DistanceWorkoutInterval.swift */ = {isa = PBXFileReference; lastKnownFileType = sourcecode.swift; path = DistanceWorkoutInterval.swift; sourceTree = "<group>"; };
		E1D4085B2640A64E00C18717 /* ActivityWorkoutInterval.swift */ = {isa = PBXFileReference; lastKnownFileType = sourcecode.swift; path = ActivityWorkoutInterval.swift; sourceTree = "<group>"; };
		E1D4085D2640A8A800C18717 /* SwitchTableViewCell.swift */ = {isa = PBXFileReference; lastKnownFileType = sourcecode.swift; path = SwitchTableViewCell.swift; sourceTree = "<group>"; };
		E1D4085F2640CE3B00C18717 /* LocationWorkoutInterval.swift */ = {isa = PBXFileReference; lastKnownFileType = sourcecode.swift; path = LocationWorkoutInterval.swift; sourceTree = "<group>"; };
		E1DD3A70261EC5A0001EB905 /* intervalApp.app */ = {isa = PBXFileReference; explicitFileType = wrapper.application; includeInIndex = 0; path = intervalApp.app; sourceTree = BUILT_PRODUCTS_DIR; };
		E1DD3A73261EC5A0001EB905 /* AppDelegate.swift */ = {isa = PBXFileReference; lastKnownFileType = sourcecode.swift; path = AppDelegate.swift; sourceTree = "<group>"; };
		E1DD3A75261EC5A0001EB905 /* SceneDelegate.swift */ = {isa = PBXFileReference; lastKnownFileType = sourcecode.swift; path = SceneDelegate.swift; sourceTree = "<group>"; };
		E1DD3A7A261EC5A0001EB905 /* Base */ = {isa = PBXFileReference; lastKnownFileType = file.storyboard; name = Base; path = Base.lproj/Main.storyboard; sourceTree = "<group>"; };
		E1DD3A7C261EC5A1001EB905 /* Assets.xcassets */ = {isa = PBXFileReference; lastKnownFileType = folder.assetcatalog; path = Assets.xcassets; sourceTree = "<group>"; };
		E1DD3A7F261EC5A1001EB905 /* Base */ = {isa = PBXFileReference; lastKnownFileType = file.storyboard; name = Base; path = Base.lproj/LaunchScreen.storyboard; sourceTree = "<group>"; };
		E1DD3A81261EC5A1001EB905 /* Info.plist */ = {isa = PBXFileReference; lastKnownFileType = text.plist.xml; path = Info.plist; sourceTree = "<group>"; };
		E1FBD11826295B1E000B1598 /* Workout.swift */ = {isa = PBXFileReference; lastKnownFileType = sourcecode.swift; path = Workout.swift; sourceTree = "<group>"; };
		E1FBD11C2629796E000B1598 /* WorkoutTableViewController.swift */ = {isa = PBXFileReference; lastKnownFileType = sourcecode.swift; path = WorkoutTableViewController.swift; sourceTree = "<group>"; };
		E1FBD11F2629797A000B1598 /* HistoryTableViewController.swift */ = {isa = PBXFileReference; lastKnownFileType = sourcecode.swift; path = HistoryTableViewController.swift; sourceTree = "<group>"; };
		E1FBD12626297CFA000B1598 /* WorkoutViewController.swift */ = {isa = PBXFileReference; lastKnownFileType = sourcecode.swift; path = WorkoutViewController.swift; sourceTree = "<group>"; };
		E1FBD135262A3E49000B1598 /* ProgressCell.swift */ = {isa = PBXFileReference; lastKnownFileType = sourcecode.swift; path = ProgressCell.swift; sourceTree = "<group>"; };
		E1FBD13A262A86F5000B1598 /* AddIntervalViewController.swift */ = {isa = PBXFileReference; lastKnownFileType = sourcecode.swift; path = AddIntervalViewController.swift; sourceTree = "<group>"; };
		E1FBD143262A9040000B1598 /* Utility.swift */ = {isa = PBXFileReference; lastKnownFileType = sourcecode.swift; path = Utility.swift; sourceTree = "<group>"; };
/* End PBXFileReference section */

/* Begin PBXFrameworksBuildPhase section */
		E1DD3A6D261EC5A0001EB905 /* Frameworks */ = {
			isa = PBXFrameworksBuildPhase;
			buildActionMask = 2147483647;
			files = (
			);
			runOnlyForDeploymentPostprocessing = 0;
		};
/* End PBXFrameworksBuildPhase section */

/* Begin PBXGroup section */
		E1DD3A67261EC5A0001EB905 = {
			isa = PBXGroup;
			children = (
				E1DD3A72261EC5A0001EB905 /* intervalApp */,
				E1DD3A71261EC5A0001EB905 /* Products */,
			);
			sourceTree = "<group>";
		};
		E1DD3A71261EC5A0001EB905 /* Products */ = {
			isa = PBXGroup;
			children = (
				E1DD3A70261EC5A0001EB905 /* intervalApp.app */,
			);
			name = Products;
			sourceTree = "<group>";
		};
		E1DD3A72261EC5A0001EB905 /* intervalApp */ = {
			isa = PBXGroup;
			children = (
				E1FBD13A262A86F5000B1598 /* AddIntervalViewController.swift */,
				E1DD3A73261EC5A0001EB905 /* AppDelegate.swift */,
				E1DD3A75261EC5A0001EB905 /* SceneDelegate.swift */,
				E1DD3A79261EC5A0001EB905 /* Main.storyboard */,
				E1DD3A7C261EC5A1001EB905 /* Assets.xcassets */,
				E1DD3A7E261EC5A1001EB905 /* LaunchScreen.storyboard */,
				E1DD3A81261EC5A1001EB905 /* Info.plist */,
				E1FBD11826295B1E000B1598 /* Workout.swift */,
				E1FBD11C2629796E000B1598 /* WorkoutTableViewController.swift */,
				E1FBD11F2629797A000B1598 /* HistoryTableViewController.swift */,
				E1FBD12626297CFA000B1598 /* WorkoutViewController.swift */,
				E1D4084B263E557F00C18717 /* WorkoutInterval.swift */,
				E1FBD135262A3E49000B1598 /* ProgressCell.swift */,
				E1FBD143262A9040000B1598 /* Utility.swift */,
				E1D4084D263E6F8100C18717 /* LocationManager.swift */,
				E1D4084F26406F9300C18717 /* TimerWorkoutInterval.swift */,
				E1D408512640796B00C18717 /* DistanceWorkoutInterval.swift */,
				E1D4085B2640A64E00C18717 /* ActivityWorkoutInterval.swift */,
				E1D4085D2640A8A800C18717 /* SwitchTableViewCell.swift */,
				E1D4085F2640CE3B00C18717 /* LocationWorkoutInterval.swift */,
				E165970A26422628006CF465 /* Model.xcdatamodeld */,
				E165970D26423C5C006CF465 /* HistoryDetailViewController.swift */,
			);
			path = intervalApp;
			sourceTree = "<group>";
		};
/* End PBXGroup section */

/* Begin PBXNativeTarget section */
		E1DD3A6F261EC5A0001EB905 /* intervalApp */ = {
			isa = PBXNativeTarget;
			buildConfigurationList = E1DD3A84261EC5A1001EB905 /* Build configuration list for PBXNativeTarget "intervalApp" */;
			buildPhases = (
				E1DD3A6C261EC5A0001EB905 /* Sources */,
				E1DD3A6D261EC5A0001EB905 /* Frameworks */,
				E1DD3A6E261EC5A0001EB905 /* Resources */,
			);
			buildRules = (
			);
			dependencies = (
			);
			name = intervalApp;
			productName = intervalApp;
			productReference = E1DD3A70261EC5A0001EB905 /* intervalApp.app */;
			productType = "com.apple.product-type.application";
		};
/* End PBXNativeTarget section */

/* Begin PBXProject section */
		E1DD3A68261EC5A0001EB905 /* Project object */ = {
			isa = PBXProject;
			attributes = {
				LastSwiftUpdateCheck = 1240;
				LastUpgradeCheck = 1240;
				TargetAttributes = {
					E1DD3A6F261EC5A0001EB905 = {
						CreatedOnToolsVersion = 12.4;
					};
				};
			};
			buildConfigurationList = E1DD3A6B261EC5A0001EB905 /* Build configuration list for PBXProject "intervalApp" */;
			compatibilityVersion = "Xcode 9.3";
			developmentRegion = en;
			hasScannedForEncodings = 0;
			knownRegions = (
				en,
				Base,
			);
			mainGroup = E1DD3A67261EC5A0001EB905;
			productRefGroup = E1DD3A71261EC5A0001EB905 /* Products */;
			projectDirPath = "";
			projectRoot = "";
			targets = (
				E1DD3A6F261EC5A0001EB905 /* intervalApp */,
			);
		};
/* End PBXProject section */

/* Begin PBXResourcesBuildPhase section */
		E1DD3A6E261EC5A0001EB905 /* Resources */ = {
			isa = PBXResourcesBuildPhase;
			buildActionMask = 2147483647;
			files = (
				E1DD3A80261EC5A1001EB905 /* LaunchScreen.storyboard in Resources */,
				E1DD3A7D261EC5A1001EB905 /* Assets.xcassets in Resources */,
				E1DD3A7B261EC5A0001EB905 /* Main.storyboard in Resources */,
			);
			runOnlyForDeploymentPostprocessing = 0;
		};
/* End PBXResourcesBuildPhase section */

/* Begin PBXSourcesBuildPhase section */
		E1DD3A6C261EC5A0001EB905 /* Sources */ = {
			isa = PBXSourcesBuildPhase;
			buildActionMask = 2147483647;
			files = (
				E1D4085026406F9300C18717 /* TimerWorkoutInterval.swift in Sources */,
				E1D408602640CE3B00C18717 /* LocationWorkoutInterval.swift in Sources */,
				E1FBD13B262A86F5000B1598 /* AddIntervalViewController.swift in Sources */,
				E1D4085E2640A8A800C18717 /* SwitchTableViewCell.swift in Sources */,
				E1FBD12726297CFA000B1598 /* WorkoutViewController.swift in Sources */,
				E1DD3A74261EC5A0001EB905 /* AppDelegate.swift in Sources */,
				E1DD3A76261EC5A0001EB905 /* SceneDelegate.swift in Sources */,
				E1FBD11D2629796E000B1598 /* WorkoutTableViewController.swift in Sources */,
				E165970C26422628006CF465 /* Model.xcdatamodeld in Sources */,
				E1FBD11926295B1E000B1598 /* Workout.swift in Sources */,
				E1D4085C2640A64E00C18717 /* ActivityWorkoutInterval.swift in Sources */,
				E1FBD136262A3E49000B1598 /* ProgressCell.swift in Sources */,
				E1D408522640796B00C18717 /* DistanceWorkoutInterval.swift in Sources */,
				E1FBD144262A9040000B1598 /* Utility.swift in Sources */,
				E165970E26423C5C006CF465 /* HistoryDetailViewController.swift in Sources */,
				E1D4084C263E557F00C18717 /* WorkoutInterval.swift in Sources */,
				E1FBD1202629797A000B1598 /* HistoryTableViewController.swift in Sources */,
				E1D4084E263E6F8100C18717 /* LocationManager.swift in Sources */,
			);
			runOnlyForDeploymentPostprocessing = 0;
		};
/* End PBXSourcesBuildPhase section */

/* Begin PBXVariantGroup section */
		E1DD3A79261EC5A0001EB905 /* Main.storyboard */ = {
			isa = PBXVariantGroup;
			children = (
				E1DD3A7A261EC5A0001EB905 /* Base */,
			);
			name = Main.storyboard;
			sourceTree = "<group>";
		};
		E1DD3A7E261EC5A1001EB905 /* LaunchScreen.storyboard */ = {
			isa = PBXVariantGroup;
			children = (
				E1DD3A7F261EC5A1001EB905 /* Base */,
			);
			name = LaunchScreen.storyboard;
			sourceTree = "<group>";
		};
/* End PBXVariantGroup section */

/* Begin XCBuildConfiguration section */
		E1DD3A82261EC5A1001EB905 /* Debug */ = {
			isa = XCBuildConfiguration;
			buildSettings = {
				ALWAYS_SEARCH_USER_PATHS = NO;
				CLANG_ANALYZER_NONNULL = YES;
				CLANG_ANALYZER_NUMBER_OBJECT_CONVERSION = YES_AGGRESSIVE;
				CLANG_CXX_LANGUAGE_STANDARD = "gnu++14";
				CLANG_CXX_LIBRARY = "libc++";
				CLANG_ENABLE_MODULES = YES;
				CLANG_ENABLE_OBJC_ARC = YES;
				CLANG_ENABLE_OBJC_WEAK = YES;
				CLANG_WARN_BLOCK_CAPTURE_AUTORELEASING = YES;
				CLANG_WARN_BOOL_CONVERSION = YES;
				CLANG_WARN_COMMA = YES;
				CLANG_WARN_CONSTANT_CONVERSION = YES;
				CLANG_WARN_DEPRECATED_OBJC_IMPLEMENTATIONS = YES;
				CLANG_WARN_DIRECT_OBJC_ISA_USAGE = YES_ERROR;
				CLANG_WARN_DOCUMENTATION_COMMENTS = YES;
				CLANG_WARN_EMPTY_BODY = YES;
				CLANG_WARN_ENUM_CONVERSION = YES;
				CLANG_WARN_INFINITE_RECURSION = YES;
				CLANG_WARN_INT_CONVERSION = YES;
				CLANG_WARN_NON_LITERAL_NULL_CONVERSION = YES;
				CLANG_WARN_OBJC_IMPLICIT_RETAIN_SELF = YES;
				CLANG_WARN_OBJC_LITERAL_CONVERSION = YES;
				CLANG_WARN_OBJC_ROOT_CLASS = YES_ERROR;
				CLANG_WARN_QUOTED_INCLUDE_IN_FRAMEWORK_HEADER = YES;
				CLANG_WARN_RANGE_LOOP_ANALYSIS = YES;
				CLANG_WARN_STRICT_PROTOTYPES = YES;
				CLANG_WARN_SUSPICIOUS_MOVE = YES;
				CLANG_WARN_UNGUARDED_AVAILABILITY = YES_AGGRESSIVE;
				CLANG_WARN_UNREACHABLE_CODE = YES;
				CLANG_WARN__DUPLICATE_METHOD_MATCH = YES;
				COPY_PHASE_STRIP = NO;
				DEBUG_INFORMATION_FORMAT = dwarf;
				ENABLE_STRICT_OBJC_MSGSEND = YES;
				ENABLE_TESTABILITY = YES;
				GCC_C_LANGUAGE_STANDARD = gnu11;
				GCC_DYNAMIC_NO_PIC = NO;
				GCC_NO_COMMON_BLOCKS = YES;
				GCC_OPTIMIZATION_LEVEL = 0;
				GCC_PREPROCESSOR_DEFINITIONS = (
					"DEBUG=1",
					"$(inherited)",
				);
				GCC_WARN_64_TO_32_BIT_CONVERSION = YES;
				GCC_WARN_ABOUT_RETURN_TYPE = YES_ERROR;
				GCC_WARN_UNDECLARED_SELECTOR = YES;
				GCC_WARN_UNINITIALIZED_AUTOS = YES_AGGRESSIVE;
				GCC_WARN_UNUSED_FUNCTION = YES;
				GCC_WARN_UNUSED_VARIABLE = YES;
				IPHONEOS_DEPLOYMENT_TARGET = 14.4;
				MTL_ENABLE_DEBUG_INFO = INCLUDE_SOURCE;
				MTL_FAST_MATH = YES;
				ONLY_ACTIVE_ARCH = YES;
				SDKROOT = iphoneos;
				SWIFT_ACTIVE_COMPILATION_CONDITIONS = DEBUG;
				SWIFT_OPTIMIZATION_LEVEL = "-Onone";
			};
			name = Debug;
		};
		E1DD3A83261EC5A1001EB905 /* Release */ = {
			isa = XCBuildConfiguration;
			buildSettings = {
				ALWAYS_SEARCH_USER_PATHS = NO;
				CLANG_ANALYZER_NONNULL = YES;
				CLANG_ANALYZER_NUMBER_OBJECT_CONVERSION = YES_AGGRESSIVE;
				CLANG_CXX_LANGUAGE_STANDARD = "gnu++14";
				CLANG_CXX_LIBRARY = "libc++";
				CLANG_ENABLE_MODULES = YES;
				CLANG_ENABLE_OBJC_ARC = YES;
				CLANG_ENABLE_OBJC_WEAK = YES;
				CLANG_WARN_BLOCK_CAPTURE_AUTORELEASING = YES;
				CLANG_WARN_BOOL_CONVERSION = YES;
				CLANG_WARN_COMMA = YES;
				CLANG_WARN_CONSTANT_CONVERSION = YES;
				CLANG_WARN_DEPRECATED_OBJC_IMPLEMENTATIONS = YES;
				CLANG_WARN_DIRECT_OBJC_ISA_USAGE = YES_ERROR;
				CLANG_WARN_DOCUMENTATION_COMMENTS = YES;
				CLANG_WARN_EMPTY_BODY = YES;
				CLANG_WARN_ENUM_CONVERSION = YES;
				CLANG_WARN_INFINITE_RECURSION = YES;
				CLANG_WARN_INT_CONVERSION = YES;
				CLANG_WARN_NON_LITERAL_NULL_CONVERSION = YES;
				CLANG_WARN_OBJC_IMPLICIT_RETAIN_SELF = YES;
				CLANG_WARN_OBJC_LITERAL_CONVERSION = YES;
				CLANG_WARN_OBJC_ROOT_CLASS = YES_ERROR;
				CLANG_WARN_QUOTED_INCLUDE_IN_FRAMEWORK_HEADER = YES;
				CLANG_WARN_RANGE_LOOP_ANALYSIS = YES;
				CLANG_WARN_STRICT_PROTOTYPES = YES;
				CLANG_WARN_SUSPICIOUS_MOVE = YES;
				CLANG_WARN_UNGUARDED_AVAILABILITY = YES_AGGRESSIVE;
				CLANG_WARN_UNREACHABLE_CODE = YES;
				CLANG_WARN__DUPLICATE_METHOD_MATCH = YES;
				COPY_PHASE_STRIP = NO;
				DEBUG_INFORMATION_FORMAT = "dwarf-with-dsym";
				ENABLE_NS_ASSERTIONS = NO;
				ENABLE_STRICT_OBJC_MSGSEND = YES;
				GCC_C_LANGUAGE_STANDARD = gnu11;
				GCC_NO_COMMON_BLOCKS = YES;
				GCC_WARN_64_TO_32_BIT_CONVERSION = YES;
				GCC_WARN_ABOUT_RETURN_TYPE = YES_ERROR;
				GCC_WARN_UNDECLARED_SELECTOR = YES;
				GCC_WARN_UNINITIALIZED_AUTOS = YES_AGGRESSIVE;
				GCC_WARN_UNUSED_FUNCTION = YES;
				GCC_WARN_UNUSED_VARIABLE = YES;
				IPHONEOS_DEPLOYMENT_TARGET = 14.4;
				MTL_ENABLE_DEBUG_INFO = NO;
				MTL_FAST_MATH = YES;
				SDKROOT = iphoneos;
				SWIFT_COMPILATION_MODE = wholemodule;
				SWIFT_OPTIMIZATION_LEVEL = "-O";
				VALIDATE_PRODUCT = YES;
			};
			name = Release;
		};
		E1DD3A85261EC5A1001EB905 /* Debug */ = {
			isa = XCBuildConfiguration;
			buildSettings = {
				ASSETCATALOG_COMPILER_APPICON_NAME = AppIcon;
				ASSETCATALOG_COMPILER_GLOBAL_ACCENT_COLOR_NAME = AccentColor;
				CODE_SIGN_STYLE = Automatic;
				DEVELOPMENT_TEAM = 7376XLF65X;
				INFOPLIST_FILE = intervalApp/Info.plist;
				LD_RUNPATH_SEARCH_PATHS = (
					"$(inherited)",
					"@executable_path/Frameworks",
				);
				PRODUCT_BUNDLE_IDENTIFIER = edu.wsu.intervalApp;
				PRODUCT_NAME = "$(TARGET_NAME)";
				SWIFT_VERSION = 5.0;
				TARGETED_DEVICE_FAMILY = "1,2";
			};
			name = Debug;
		};
		E1DD3A86261EC5A1001EB905 /* Release */ = {
			isa = XCBuildConfiguration;
			buildSettings = {
				ASSETCATALOG_COMPILER_APPICON_NAME = AppIcon;
				ASSETCATALOG_COMPILER_GLOBAL_ACCENT_COLOR_NAME = AccentColor;
				CODE_SIGN_STYLE = Automatic;
				DEVELOPMENT_TEAM = 7376XLF65X;
				INFOPLIST_FILE = intervalApp/Info.plist;
				LD_RUNPATH_SEARCH_PATHS = (
					"$(inherited)",
					"@executable_path/Frameworks",
				);
				PRODUCT_BUNDLE_IDENTIFIER = edu.wsu.intervalApp;
				PRODUCT_NAME = "$(TARGET_NAME)";
				SWIFT_VERSION = 5.0;
				TARGETED_DEVICE_FAMILY = "1,2";
			};
			name = Release;
		};
/* End XCBuildConfiguration section */

/* Begin XCConfigurationList section */
		E1DD3A6B261EC5A0001EB905 /* Build configuration list for PBXProject "intervalApp" */ = {
			isa = XCConfigurationList;
			buildConfigurations = (
				E1DD3A82261EC5A1001EB905 /* Debug */,
				E1DD3A83261EC5A1001EB905 /* Release */,
			);
			defaultConfigurationIsVisible = 0;
			defaultConfigurationName = Release;
		};
		E1DD3A84261EC5A1001EB905 /* Build configuration list for PBXNativeTarget "intervalApp" */ = {
			isa = XCConfigurationList;
			buildConfigurations = (
				E1DD3A85261EC5A1001EB905 /* Debug */,
				E1DD3A86261EC5A1001EB905 /* Release */,
			);
			defaultConfigurationIsVisible = 0;
			defaultConfigurationName = Release;
		};
/* End XCConfigurationList section */

/* Begin XCVersionGroup section */
		E165970A26422628006CF465 /* Model.xcdatamodeld */ = {
			isa = XCVersionGroup;
			children = (
				E165970B26422628006CF465 /* Model.xcdatamodel */,
			);
			currentVersion = E165970B26422628006CF465 /* Model.xcdatamodel */;
			path = Model.xcdatamodeld;
			sourceTree = "<group>";
			versionGroupType = wrapper.xcdatamodel;
		};
/* End XCVersionGroup section */
	};
	rootObject = E1DD3A68261EC5A0001EB905 /* Project object */;
}
